
Microsoft Visual Studio Solution File, Format Version 12.00
# Visual Studio 15
VisualStudioVersion = 15.0.27703.2035
MinimumVisualStudioVersion = 10.0.40219.1
Project("{9A19103F-16F7-4668-BE54-9A1E7A4F7556}") = "UniVerseDotNetCore", "UniVerseDotNetCore.csproj", "{8B84817D-28B2-4BC1-8318-FA550256FCBA}"
EndProject
Global
	GlobalSection(SolutionConfigurationPlatforms) = preSolution
		Debug|Any CPU = Debug|Any CPU
		Release|Any CPU = Release|Any CPU
	EndGlobalSection
	GlobalSection(ProjectConfigurationPlatforms) = postSolution
		{8B84817D-28B2-4BC1-8318-FA550256FCBA}.Debug|Any CPU.ActiveCfg = Debug|Any CPU
		{8B84817D-28B2-4BC1-8318-FA550256FCBA}.Debug|Any CPU.Build.0 = Debug|Any CPU
		{8B84817D-28B2-4BC1-8318-FA550256FCBA}.Release|Any CPU.ActiveCfg = Release|Any CPU
		{8B84817D-28B2-4BC1-8318-FA550256FCBA}.Release|Any CPU.Build.0 = Release|Any CPU
	EndGlobalSection
	GlobalSection(SolutionProperties) = preSolution
		HideSolutionNode = FALSE
	EndGlobalSection
	GlobalSection(ExtensibilityGlobals) = postSolution
		SolutionGuid = {C8615FCB-1714-46E4-97C6-D25200AEFD50}
	EndGlobalSection
EndGlobal
